PODS:
  - Charts (4.0.3):
    - Charts/Core (= 4.0.3)
  - Charts/Core (4.0.3):
    - SwiftAlgorithms (~> 1.0)
  - SQLite.swift (0.13.3):
    - SQLite.swift/standard (= 0.13.3)
  - SQLite.swift/standard (0.13.3)
  - SwiftAlgorithms (1.0.0)

DEPENDENCIES:
  - Charts
  - SQLite.swift (~> 0.13.3)

SPEC REPOS:
  trunk:
    - Charts
    - SQLite.swift
    - SwiftAlgorithms

SPEC CHECKSUMS:
  Charts: d959d6723c8eedfdd0735dfc28cb0a71762ac4d9
  SQLite.swift: 903bfa3bc9ab06345fdfbb578e34f47cfcf417da
  SwiftAlgorithms: 38dda4731d19027fdeee1125f973111bf3386b53

PODFILE CHECKSUM: 6f9061aba466513d34fd629a637fa2d8faf50786

COCOAPODS: 1.11.3
