// !$*UTF8*$!
{
	archiveVersion = 1;
	classes = {
	};
	objectVersion = 55;
	objects = {

/* Begin PBXBuildFile section */
		7CC26D5E2885E61A0025CF4E /* Imbue_Systems_taskApp.swift in Sources */ = {isa = PBXBuildFile; fileRef = 7CC26D5D2885E61A0025CF4E /* Imbue_Systems_taskApp.swift */; };
		7CC26D602885E61A0025CF4E /* ContentView.swift in Sources */ = {isa = PBXBuildFile; fileRef = 7CC26D5F2885E61A0025CF4E /* ContentView.swift */; };
		7CC26D622885E61D0025CF4E /* Assets.xcassets in Resources */ = {isa = PBXBuildFile; fileRef = 7CC26D612885E61D0025CF4E /* Assets.xcassets */; };
		7CC26D652885E61D0025CF4E /* Preview Assets.xcassets in Resources */ = {isa = PBXBuildFile; fileRef = 7CC26D642885E61D0025CF4E /* Preview Assets.xcassets */; };
		7CC26D6F2885E6640025CF4E /* DBManager.swift in Sources */ = {isa = PBXBuildFile; fileRef = 7CC26D6E2885E6640025CF4E /* DBManager.swift */; };
		7CC26D742885EA1A0025CF4E /* PaymentModel.swift in Sources */ = {isa = PBXBuildFile; fileRef = 7CC26D732885EA1A0025CF4E /* PaymentModel.swift */; };
		7CC26D7F2885FE0D0025CF4E /* payments.sqlite in Resources */ = {isa = PBXBuildFile; fileRef = 7CC26D7E2885FE0D0025CF4E /* payments.sqlite */; };
		7CD6D9202886AA8100609E99 /* PaymentCellView.swift in Sources */ = {isa = PBXBuildFile; fileRef = 7CD6D91F2886AA8100609E99 /* PaymentCellView.swift */; };
		7CD6D9222886B28500609E99 /* Date extension.swift in Sources */ = {isa = PBXBuildFile; fileRef = 7CD6D9212886B28500609E99 /* Date extension.swift */; };
		CFBED846B1CF49A4FEF55C8F /* Pods_Imbue_Systems_task.framework in Frameworks */ = {isa = PBXBuildFile; fileRef = FA14440E1B5B6AC124AE3B6B /* Pods_Imbue_Systems_task.framework */; };
/* End PBXBuildFile section */

/* Begin PBXFileReference section */
		35D423C811D276A96E2D70F0 /* Pods-Imbue Systems task.release.xcconfig */ = {isa = PBXFileReference; includeInIndex = 1; lastKnownFileType = text.xcconfig; name = "Pods-Imbue Systems task.release.xcconfig"; path = "Target Support Files/Pods-Imbue Systems task/Pods-Imbue Systems task.release.xcconfig"; sourceTree = "<group>"; };
		43338317C355E2472F39C34E /* Pods-Imbue Systems task.debug.xcconfig */ = {isa = PBXFileReference; includeInIndex = 1; lastKnownFileType = text.xcconfig; name = "Pods-Imbue Systems task.debug.xcconfig"; path = "Target Support Files/Pods-Imbue Systems task/Pods-Imbue Systems task.debug.xcconfig"; sourceTree = "<group>"; };
		7CC26D5A2885E61A0025CF4E /* Imbue Systems task.app */ = {isa = PBXFileReference; explicitFileType = wrapper.application; includeInIndex = 0; path = "Imbue Systems task.app"; sourceTree = BUILT_PRODUCTS_DIR; };
		7CC26D5D2885E61A0025CF4E /* Imbue_Systems_taskApp.swift */ = {isa = PBXFileReference; lastKnownFileType = sourcecode.swift; path = Imbue_Systems_taskApp.swift; sourceTree = "<group>"; };
		7CC26D5F2885E61A0025CF4E /* ContentView.swift */ = {isa = PBXFileReference; lastKnownFileType = sourcecode.swift; path = ContentView.swift; sourceTree = "<group>"; };
		7CC26D612885E61D0025CF4E /* Assets.xcassets */ = {isa = PBXFileReference; lastKnownFileType = folder.assetcatalog; path = Assets.xcassets; sourceTree = "<group>"; };
		7CC26D642885E61D0025CF4E /* Preview Assets.xcassets */ = {isa = PBXFileReference; lastKnownFileType = folder.assetcatalog; path = "Preview Assets.xcassets"; sourceTree = "<group>"; };
		7CC26D6E2885E6640025CF4E /* DBManager.swift */ = {isa = PBXFileReference; lastKnownFileType = sourcecode.swift; path = DBManager.swift; sourceTree = "<group>"; };
		7CC26D732885EA1A0025CF4E /* PaymentModel.swift */ = {isa = PBXFileReference; lastKnownFileType = sourcecode.swift; path = PaymentModel.swift; sourceTree = "<group>"; };
		7CC26D7E2885FE0D0025CF4E /* payments.sqlite */ = {isa = PBXFileReference; lastKnownFileType = file; path = payments.sqlite; sourceTree = "<group>"; };
		7CD6D91F2886AA8100609E99 /* PaymentCellView.swift */ = {isa = PBXFileReference; lastKnownFileType = sourcecode.swift; path = PaymentCellView.swift; sourceTree = "<group>"; };
		7CD6D9212886B28500609E99 /* Date extension.swift */ = {isa = PBXFileReference; lastKnownFileType = sourcecode.swift; path = "Date extension.swift"; sourceTree = "<group>"; };
		FA14440E1B5B6AC124AE3B6B /* Pods_Imbue_Systems_task.framework */ = {isa = PBXFileReference; explicitFileType = wrapper.framework; includeInIndex = 0; path = Pods_Imbue_Systems_task.framework; sourceTree = BUILT_PRODUCTS_DIR; };
/* End PBXFileReference section */

/* Begin PBXFrameworksBuildPhase section */
		7CC26D572885E61A0025CF4E /* Frameworks */ = {
			isa = PBXFrameworksBuildPhase;
			buildActionMask = 2147483647;
			files = (
				CFBED846B1CF49A4FEF55C8F /* Pods_Imbue_Systems_task.framework in Frameworks */,
			);
			runOnlyForDeploymentPostprocessing = 0;
		};
/* End PBXFrameworksBuildPhase section */

/* Begin PBXGroup section */
		35070AAADC237BA7FEA35121 /* Frameworks */ = {
			isa = PBXGroup;
			children = (
				FA14440E1B5B6AC124AE3B6B /* Pods_Imbue_Systems_task.framework */,
			);
			name = Frameworks;
			sourceTree = "<group>";
		};
		46E0C3AA0F6AA95DB32B839D /* Pods */ = {
			isa = PBXGroup;
			children = (
				43338317C355E2472F39C34E /* Pods-Imbue Systems task.debug.xcconfig */,
				35D423C811D276A96E2D70F0 /* Pods-Imbue Systems task.release.xcconfig */,
			);
			path = Pods;
			sourceTree = "<group>";
		};
		7CC26D512885E61A0025CF4E = {
			isa = PBXGroup;
			children = (
				7CC26D5C2885E61A0025CF4E /* Imbue Systems task */,
				7CC26D5B2885E61A0025CF4E /* Products */,
				46E0C3AA0F6AA95DB32B839D /* Pods */,
				35070AAADC237BA7FEA35121 /* Frameworks */,
			);
			sourceTree = "<group>";
		};
		7CC26D5B2885E61A0025CF4E /* Products */ = {
			isa = PBXGroup;
			children = (
				7CC26D5A2885E61A0025CF4E /* Imbue Systems task.app */,
			);
			name = Products;
			sourceTree = "<group>";
		};
		7CC26D5C2885E61A0025CF4E /* Imbue Systems task */ = {
			isa = PBXGroup;
			children = (
				7CC26D702885E8D20025CF4E /* Resources */,
				7CC26D6D2885E63D0025CF4E /* View */,
				7CC26D6C2885E6360025CF4E /* ViewModel */,
				7CC26D6B2885E62F0025CF4E /* Model */,
				7CC26D5D2885E61A0025CF4E /* Imbue_Systems_taskApp.swift */,
				7CC26D612885E61D0025CF4E /* Assets.xcassets */,
				7CC26D632885E61D0025CF4E /* Preview Content */,
			);
			path = "Imbue Systems task";
			sourceTree = "<group>";
		};
		7CC26D632885E61D0025CF4E /* Preview Content */ = {
			isa = PBXGroup;
			children = (
				7CC26D642885E61D0025CF4E /* Preview Assets.xcassets */,
			);
			path = "Preview Content";
			sourceTree = "<group>";
		};
		7CC26D6B2885E62F0025CF4E /* Model */ = {
			isa = PBXGroup;
			children = (
				7CC26D732885EA1A0025CF4E /* PaymentModel.swift */,
				7CD6D9212886B28500609E99 /* Date extension.swift */,
			);
			path = Model;
			sourceTree = "<group>";
		};
		7CC26D6C2885E6360025CF4E /* ViewModel */ = {
			isa = PBXGroup;
			children = (
				7CC26D6E2885E6640025CF4E /* DBManager.swift */,
			);
			path = ViewModel;
			sourceTree = "<group>";
		};
		7CC26D6D2885E63D0025CF4E /* View */ = {
			isa = PBXGroup;
			children = (
				7CD6D91E2886AA6F00609E99 /* Components */,
				7CC26D5F2885E61A0025CF4E /* ContentView.swift */,
			);
			path = View;
			sourceTree = "<group>";
		};
		7CC26D702885E8D20025CF4E /* Resources */ = {
			isa = PBXGroup;
			children = (
				7CC26D7E2885FE0D0025CF4E /* payments.sqlite */,
			);
			path = Resources;
			sourceTree = "<group>";
		};
		7CD6D91E2886AA6F00609E99 /* Components */ = {
			isa = PBXGroup;
			children = (
				7CD6D91F2886AA8100609E99 /* PaymentCellView.swift */,
			);
			path = Components;
			sourceTree = "<group>";
		};
/* End PBXGroup section */

/* Begin PBXNativeTarget section */
		7CC26D592885E61A0025CF4E /* Imbue Systems task */ = {
			isa = PBXNativeTarget;
			buildConfigurationList = 7CC26D682885E61D0025CF4E /* Build configuration list for PBXNativeTarget "Imbue Systems task" */;
			buildPhases = (
				3118EE402D139D8DCEB7D786 /* [CP] Check Pods Manifest.lock */,
				7CC26D562885E61A0025CF4E /* Sources */,
				7CC26D572885E61A0025CF4E /* Frameworks */,
				7CC26D582885E61A0025CF4E /* Resources */,
				CCC234A64DD0A13187B197D4 /* [CP] Embed Pods Frameworks */,
			);
			buildRules = (
			);
			dependencies = (
			);
			name = "Imbue Systems task";
			productName = "Imbue Systems task";
			productReference = 7CC26D5A2885E61A0025CF4E /* Imbue Systems task.app */;
			productType = "com.apple.product-type.application";
		};
/* End PBXNativeTarget section */

/* Begin PBXProject section */
		7CC26D522885E61A0025CF4E /* Project object */ = {
			isa = PBXProject;
			attributes = {
				BuildIndependentTargetsInParallel = 1;
				LastSwiftUpdateCheck = 1340;
				LastUpgradeCheck = 1340;
				TargetAttributes = {
					7CC26D592885E61A0025CF4E = {
						CreatedOnToolsVersion = 13.4.1;
					};
				};
			};
			buildConfigurationList = 7CC26D552885E61A0025CF4E /* Build configuration list for PBXProject "Imbue Systems task" */;
			compatibilityVersion = "Xcode 13.0";
			developmentRegion = en;
			hasScannedForEncodings = 0;
			knownRegions = (
				en,
				Base,
			);
			mainGroup = 7CC26D512885E61A0025CF4E;
			productRefGroup = 7CC26D5B2885E61A0025CF4E /* Products */;
			projectDirPath = "";
			projectRoot = "";
			targets = (
				7CC26D592885E61A0025CF4E /* Imbue Systems task */,
			);
		};
/* End PBXProject section */

/* Begin PBXResourcesBuildPhase section */
		7CC26D582885E61A0025CF4E /* Resources */ = {
			isa = PBXResourcesBuildPhase;
			buildActionMask = 2147483647;
			files = (
				7CC26D652885E61D0025CF4E /* Preview Assets.xcassets in Resources */,
				7CC26D622885E61D0025CF4E /* Assets.xcassets in Resources */,
				7CC26D7F2885FE0D0025CF4E /* payments.sqlite in Resources */,
			);
			runOnlyForDeploymentPostprocessing = 0;
		};
/* End PBXResourcesBuildPhase section */

/* Begin PBXShellScriptBuildPhase section */
		3118EE402D139D8DCEB7D786 /* [CP] Check Pods Manifest.lock */ = {
			isa = PBXShellScriptBuildPhase;
			buildActionMask = 2147483647;
			files = (
			);
			inputFileListPaths = (
			);
			inputPaths = (
				"${PODS_PODFILE_DIR_PATH}/Podfile.lock",
				"${PODS_ROOT}/Manifest.lock",
			);
			name = "[CP] Check Pods Manifest.lock";
			outputFileListPaths = (
			);
			outputPaths = (
				"$(DERIVED_FILE_DIR)/Pods-Imbue Systems task-checkManifestLockResult.txt",
			);
			runOnlyForDeploymentPostprocessing = 0;
			shellPath = /bin/sh;
			shellScript = "diff \"${PODS_PODFILE_DIR_PATH}/Podfile.lock\" \"${PODS_ROOT}/Manifest.lock\" > /dev/null\nif [ $? != 0 ] ; then\n    # print error to STDERR\n    echo \"error: The sandbox is not in sync with the Podfile.lock. Run 'pod install' or update your CocoaPods installation.\" >&2\n    exit 1\nfi\n# This output is used by Xcode 'outputs' to avoid re-running this script phase.\necho \"SUCCESS\" > \"${SCRIPT_OUTPUT_FILE_0}\"\n";
			showEnvVarsInLog = 0;
		};
		CCC234A64DD0A13187B197D4 /* [CP] Embed Pods Frameworks */ = {
			isa = PBXShellScriptBuildPhase;
			buildActionMask = 2147483647;
			files = (
			);
			inputFileListPaths = (
				"${PODS_ROOT}/Target Support Files/Pods-Imbue Systems task/Pods-Imbue Systems task-frameworks-${CONFIGURATION}-input-files.xcfilelist",
			);
			name = "[CP] Embed Pods Frameworks";
			outputFileListPaths = (
				"${PODS_ROOT}/Target Support Files/Pods-Imbue Systems task/Pods-Imbue Systems task-frameworks-${CONFIGURATION}-output-files.xcfilelist",
			);
			runOnlyForDeploymentPostprocessing = 0;
			shellPath = /bin/sh;
			shellScript = "\"${PODS_ROOT}/Target Support Files/Pods-Imbue Systems task/Pods-Imbue Systems task-frameworks.sh\"\n";
			showEnvVarsInLog = 0;
		};
/* End PBXShellScriptBuildPhase section */

/* Begin PBXSourcesBuildPhase section */
		7CC26D562885E61A0025CF4E /* Sources */ = {
			isa = PBXSourcesBuildPhase;
			buildActionMask = 2147483647;
			files = (
				7CD6D9222886B28500609E99 /* Date extension.swift in Sources */,
				7CD6D9202886AA8100609E99 /* PaymentCellView.swift in Sources */,
				7CC26D602885E61A0025CF4E /* ContentView.swift in Sources */,
				7CC26D6F2885E6640025CF4E /* DBManager.swift in Sources */,
				7CC26D5E2885E61A0025CF4E /* Imbue_Systems_taskApp.swift in Sources */,
				7CC26D742885EA1A0025CF4E /* PaymentModel.swift in Sources */,
			);
			runOnlyForDeploymentPostprocessing = 0;
		};
/* End PBXSourcesBuildPhase section */

/* Begin XCBuildConfiguration section */
		7CC26D662885E61D0025CF4E /* Debug */ = {
			isa = XCBuildConfiguration;
			buildSettings = {
				ALWAYS_SEARCH_USER_PATHS = NO;
				CLANG_ANALYZER_NONNULL = YES;
				CLANG_ANALYZER_NUMBER_OBJECT_CONVERSION = YES_AGGRESSIVE;
				CLANG_CXX_LANGUAGE_STANDARD = "gnu++17";
				CLANG_ENABLE_MODULES = YES;
				CLANG_ENABLE_OBJC_ARC = YES;
				CLANG_ENABLE_OBJC_WEAK = YES;
				CLANG_WARN_BLOCK_CAPTURE_AUTORELEASING = YES;
				CLANG_WARN_BOOL_CONVERSION = YES;
				CLANG_WARN_COMMA = YES;
				CLANG_WARN_CONSTANT_CONVERSION = YES;
				CLANG_WARN_DEPRECATED_OBJC_IMPLEMENTATIONS = YES;
				CLANG_WARN_DIRECT_OBJC_ISA_USAGE = YES_ERROR;
				CLANG_WARN_DOCUMENTATION_COMMENTS = YES;
				CLANG_WARN_EMPTY_BODY = YES;
				CLANG_WARN_ENUM_CONVERSION = YES;
				CLANG_WARN_INFINITE_RECURSION = YES;
				CLANG_WARN_INT_CONVERSION = YES;
				CLANG_WARN_NON_LITERAL_NULL_CONVERSION = YES;
				CLANG_WARN_OBJC_IMPLICIT_RETAIN_SELF = YES;
				CLANG_WARN_OBJC_LITERAL_CONVERSION = YES;
				CLANG_WARN_OBJC_ROOT_CLASS = YES_ERROR;
				CLANG_WARN_QUOTED_INCLUDE_IN_FRAMEWORK_HEADER = YES;
				CLANG_WARN_RANGE_LOOP_ANALYSIS = YES;
				CLANG_WARN_STRICT_PROTOTYPES = YES;
				CLANG_WARN_SUSPICIOUS_MOVE = YES;
				CLANG_WARN_UNGUARDED_AVAILABILITY = YES_AGGRESSIVE;
				CLANG_WARN_UNREACHABLE_CODE = YES;
				CLANG_WARN__DUPLICATE_METHOD_MATCH = YES;
				COPY_PHASE_STRIP = NO;
				DEBUG_INFORMATION_FORMAT = dwarf;
				ENABLE_STRICT_OBJC_MSGSEND = YES;
				ENABLE_TESTABILITY = YES;
				GCC_C_LANGUAGE_STANDARD = gnu11;
				GCC_DYNAMIC_NO_PIC = NO;
				GCC_NO_COMMON_BLOCKS = YES;
				GCC_OPTIMIZATION_LEVEL = 0;
				GCC_PREPROCESSOR_DEFINITIONS = (
					"DEBUG=1",
					"$(inherited)",
				);
				GCC_WARN_64_TO_32_BIT_CONVERSION = YES;
				GCC_WARN_ABOUT_RETURN_TYPE = YES_ERROR;
				GCC_WARN_UNDECLARED_SELECTOR = YES;
				GCC_WARN_UNINITIALIZED_AUTOS = YES_AGGRESSIVE;
				GCC_WARN_UNUSED_FUNCTION = YES;
				GCC_WARN_UNUSED_VARIABLE = YES;
				IPHONEOS_DEPLOYMENT_TARGET = 15.5;
				MTL_ENABLE_DEBUG_INFO = INCLUDE_SOURCE;
				MTL_FAST_MATH = YES;
				ONLY_ACTIVE_ARCH = YES;
				SDKROOT = iphoneos;
				SWIFT_ACTIVE_COMPILATION_CONDITIONS = DEBUG;
				SWIFT_OPTIMIZATION_LEVEL = "-Onone";
			};
			name = Debug;
		};
		7CC26D672885E61D0025CF4E /* Release */ = {
			isa = XCBuildConfiguration;
			buildSettings = {
				ALWAYS_SEARCH_USER_PATHS = NO;
				CLANG_ANALYZER_NONNULL = YES;
				CLANG_ANALYZER_NUMBER_OBJECT_CONVERSION = YES_AGGRESSIVE;
				CLANG_CXX_LANGUAGE_STANDARD = "gnu++17";
				CLANG_ENABLE_MODULES = YES;
				CLANG_ENABLE_OBJC_ARC = YES;
				CLANG_ENABLE_OBJC_WEAK = YES;
				CLANG_WARN_BLOCK_CAPTURE_AUTORELEASING = YES;
				CLANG_WARN_BOOL_CONVERSION = YES;
				CLANG_WARN_COMMA = YES;
				CLANG_WARN_CONSTANT_CONVERSION = YES;
				CLANG_WARN_DEPRECATED_OBJC_IMPLEMENTATIONS = YES;
				CLANG_WARN_DIRECT_OBJC_ISA_USAGE = YES_ERROR;
				CLANG_WARN_DOCUMENTATION_COMMENTS = YES;
				CLANG_WARN_EMPTY_BODY = YES;
				CLANG_WARN_ENUM_CONVERSION = YES;
				CLANG_WARN_INFINITE_RECURSION = YES;
				CLANG_WARN_INT_CONVERSION = YES;
				CLANG_WARN_NON_LITERAL_NULL_CONVERSION = YES;
				CLANG_WARN_OBJC_IMPLICIT_RETAIN_SELF = YES;
				CLANG_WARN_OBJC_LITERAL_CONVERSION = YES;
				CLANG_WARN_OBJC_ROOT_CLASS = YES_ERROR;
				CLANG_WARN_QUOTED_INCLUDE_IN_FRAMEWORK_HEADER = YES;
				CLANG_WARN_RANGE_LOOP_ANALYSIS = YES;
				CLANG_WARN_STRICT_PROTOTYPES = YES;
				CLANG_WARN_SUSPICIOUS_MOVE = YES;
				CLANG_WARN_UNGUARDED_AVAILABILITY = YES_AGGRESSIVE;
				CLANG_WARN_UNREACHABLE_CODE = YES;
				CLANG_WARN__DUPLICATE_METHOD_MATCH = YES;
				COPY_PHASE_STRIP = NO;
				DEBUG_INFORMATION_FORMAT = "dwarf-with-dsym";
				ENABLE_NS_ASSERTIONS = NO;
				ENABLE_STRICT_OBJC_MSGSEND = YES;
				GCC_C_LANGUAGE_STANDARD = gnu11;
				GCC_NO_COMMON_BLOCKS = YES;
				GCC_WARN_64_TO_32_BIT_CONVERSION = YES;
				GCC_WARN_ABOUT_RETURN_TYPE = YES_ERROR;
				GCC_WARN_UNDECLARED_SELECTOR = YES;
				GCC_WARN_UNINITIALIZED_AUTOS = YES_AGGRESSIVE;
				GCC_WARN_UNUSED_FUNCTION = YES;
				GCC_WARN_UNUSED_VARIABLE = YES;
				IPHONEOS_DEPLOYMENT_TARGET = 15.5;
				MTL_ENABLE_DEBUG_INFO = NO;
				MTL_FAST_MATH = YES;
				SDKROOT = iphoneos;
				SWIFT_COMPILATION_MODE = wholemodule;
				SWIFT_OPTIMIZATION_LEVEL = "-O";
				VALIDATE_PRODUCT = YES;
			};
			name = Release;
		};
		7CC26D692885E61D0025CF4E /* Debug */ = {
			isa = XCBuildConfiguration;
			baseConfigurationReference = 43338317C355E2472F39C34E /* Pods-Imbue Systems task.debug.xcconfig */;
			buildSettings = {
				ASSETCATALOG_COMPILER_APPICON_NAME = AppIcon;
				ASSETCATALOG_COMPILER_GLOBAL_ACCENT_COLOR_NAME = AccentColor;
				CODE_SIGN_STYLE = Automatic;
				CURRENT_PROJECT_VERSION = 1;
				DEVELOPMENT_ASSET_PATHS = "\"Imbue Systems task/Preview Content\"";
				DEVELOPMENT_TEAM = 75G68Y76M3;
				ENABLE_PREVIEWS = YES;
				GENERATE_INFOPLIST_FILE = YES;
				INFOPLIST_KEY_UIApplicationSceneManifest_Generation = YES;
				INFOPLIST_KEY_UIApplicationSupportsIndirectInputEvents = YES;
				INFOPLIST_KEY_UILaunchScreen_Generation = YES;
				INFOPLIST_KEY_UISupportedInterfaceOrientations_iPad = "UIInterfaceOrientationPortrait UIInterfaceOrientationPortraitUpsideDown UIInterfaceOrientationLandscapeLeft UIInterfaceOrientationLandscapeRight";
				INFOPLIST_KEY_UISupportedInterfaceOrientations_iPhone = "UIInterfaceOrientationPortrait UIInterfaceOrientationLandscapeLeft UIInterfaceOrientationLandscapeRight";
				LD_RUNPATH_SEARCH_PATHS = (
					"$(inherited)",
					"@executable_path/Frameworks",
				);
				MARKETING_VERSION = 1.0;
				PRODUCT_BUNDLE_IDENTIFIER = "Tsyvilko.Imbue-Systems-task";
				PRODUCT_NAME = "$(TARGET_NAME)";
				SWIFT_EMIT_LOC_STRINGS = YES;
				SWIFT_VERSION = 5.0;
				TARGETED_DEVICE_FAMILY = "1,2";
			};
			name = Debug;
		};
		7CC26D6A2885E61D0025CF4E /* Release */ = {
			isa = XCBuildConfiguration;
			baseConfigurationReference = 35D423C811D276A96E2D70F0 /* Pods-Imbue Systems task.release.xcconfig */;
			buildSettings = {
				ASSETCATALOG_COMPILER_APPICON_NAME = AppIcon;
				ASSETCATALOG_COMPILER_GLOBAL_ACCENT_COLOR_NAME = AccentColor;
				CODE_SIGN_STYLE = Automatic;
				CURRENT_PROJECT_VERSION = 1;
				DEVELOPMENT_ASSET_PATHS = "\"Imbue Systems task/Preview Content\"";
				DEVELOPMENT_TEAM = 75G68Y76M3;
				ENABLE_PREVIEWS = YES;
				GENERATE_INFOPLIST_FILE = YES;
				INFOPLIST_KEY_UIApplicationSceneManifest_Generation = YES;
				INFOPLIST_KEY_UIApplicationSupportsIndirectInputEvents = YES;
				INFOPLIST_KEY_UILaunchScreen_Generation = YES;
				INFOPLIST_KEY_UISupportedInterfaceOrientations_iPad = "UIInterfaceOrientationPortrait UIInterfaceOrientationPortraitUpsideDown UIInterfaceOrientationLandscapeLeft UIInterfaceOrientationLandscapeRight";
				INFOPLIST_KEY_UISupportedInterfaceOrientations_iPhone = "UIInterfaceOrientationPortrait UIInterfaceOrientationLandscapeLeft UIInterfaceOrientationLandscapeRight";
				LD_RUNPATH_SEARCH_PATHS = (
					"$(inherited)",
					"@executable_path/Frameworks",
				);
				MARKETING_VERSION = 1.0;
				PRODUCT_BUNDLE_IDENTIFIER = "Tsyvilko.Imbue-Systems-task";
				PRODUCT_NAME = "$(TARGET_NAME)";
				SWIFT_EMIT_LOC_STRINGS = YES;
				SWIFT_VERSION = 5.0;
				TARGETED_DEVICE_FAMILY = "1,2";
			};
			name = Release;
		};
/* End XCBuildConfiguration section */

/* Begin XCConfigurationList section */
		7CC26D552885E61A0025CF4E /* Build configuration list for PBXProject "Imbue Systems task" */ = {
			isa = XCConfigurationList;
			buildConfigurations = (
				7CC26D662885E61D0025CF4E /* Debug */,
				7CC26D672885E61D0025CF4E /* Release */,
			);
			defaultConfigurationIsVisible = 0;
			defaultConfigurationName = Release;
		};
		7CC26D682885E61D0025CF4E /* Build configuration list for PBXNativeTarget "Imbue Systems task" */ = {
			isa = XCConfigurationList;
			buildConfigurations = (
				7CC26D692885E61D0025CF4E /* Debug */,
				7CC26D6A2885E61D0025CF4E /* Release */,
			);
			defaultConfigurationIsVisible = 0;
			defaultConfigurationName = Release;
		};
/* End XCConfigurationList section */
	};
	rootObject = 7CC26D522885E61A0025CF4E /* Project object */;
}
